
Microsoft Visual Studio Solution File, Format Version 12.00
# Visual Studio 15
VisualStudioVersion = 15.0.27130.2010
MinimumVisualStudioVersion = 10.0.40219.1
Project("{FAE04EC0-301F-11D3-BF4B-00C04F79EFBC}") = "BattleSea(ver.1.0)", "BattleSea(ver.1.0)\BattleSea(ver.1.0).csproj", "{D370C56F-6FBE-4B32-90FF-9A6DA91EE270}"
EndProject
Global
	GlobalSection(SolutionConfigurationPlatforms) = preSolution
		Debug|Any CPU = Debug|Any CPU
		Release|Any CPU = Release|Any CPU
	EndGlobalSection
	GlobalSection(ProjectConfigurationPlatforms) = postSolution
		{D370C56F-6FBE-4B32-90FF-9A6DA91EE270}.Debug|Any CPU.ActiveCfg = Debug|Any CPU
		{D370C56F-6FBE-4B32-90FF-9A6DA91EE270}.Debug|Any CPU.Build.0 = Debug|Any CPU
		{D370C56F-6FBE-4B32-90FF-9A6DA91EE270}.Release|Any CPU.ActiveCfg = Release|Any CPU
		{D370C56F-6FBE-4B32-90FF-9A6DA91EE270}.Release|Any CPU.Build.0 = Release|Any CPU
	EndGlobalSection
	GlobalSection(SolutionProperties) = preSolution
		HideSolutionNode = FALSE
	EndGlobalSection
	GlobalSection(ExtensibilityGlobals) = postSolution
		SolutionGuid = {177AE849-AF5B-4274-91ED-36B9ECD31658}
	EndGlobalSection
EndGlobal
