
Microsoft Visual Studio Solution File, Format Version 12.00
# Visual Studio 15
VisualStudioVersion = 15.0.27130.2010
MinimumVisualStudioVersion = 10.0.40219.1
Project("{FAE04EC0-301F-11D3-BF4B-00C04F79EFBC}") = "Test", "Test\Test.csproj", "{FEE0D7B2-8C91-4EC1-8B8C-0BA9C92BBB7F}"
EndProject
Global
	GlobalSection(SolutionConfigurationPlatforms) = preSolution
		Debug|Any CPU = Debug|Any CPU
		Release|Any CPU = Release|Any CPU
	EndGlobalSection
	GlobalSection(ProjectConfigurationPlatforms) = postSolution
		{FEE0D7B2-8C91-4EC1-8B8C-0BA9C92BBB7F}.Debug|Any CPU.ActiveCfg = Debug|Any CPU
		{FEE0D7B2-8C91-4EC1-8B8C-0BA9C92BBB7F}.Debug|Any CPU.Build.0 = Debug|Any CPU
		{FEE0D7B2-8C91-4EC1-8B8C-0BA9C92BBB7F}.Release|Any CPU.ActiveCfg = Release|Any CPU
		{FEE0D7B2-8C91-4EC1-8B8C-0BA9C92BBB7F}.Release|Any CPU.Build.0 = Release|Any CPU
	EndGlobalSection
	GlobalSection(SolutionProperties) = preSolution
		HideSolutionNode = FALSE
	EndGlobalSection
	GlobalSection(ExtensibilityGlobals) = postSolution
		SolutionGuid = {C73C6DB9-F5FA-4846-B882-D47BF4676030}
	EndGlobalSection
EndGlobal
