
Microsoft Visual Studio Solution File, Format Version 12.00
# Visual Studio 15
VisualStudioVersion = 15.0.27130.2010
MinimumVisualStudioVersion = 10.0.40219.1
Project("{FAE04EC0-301F-11D3-BF4B-00C04F79EFBC}") = "4Game", "4Game\4Game.csproj", "{C6614D53-82DB-4E7A-BA9D-99FBC7631891}"
EndProject
Global
	GlobalSection(SolutionConfigurationPlatforms) = preSolution
		Debug|Any CPU = Debug|Any CPU
		Release|Any CPU = Release|Any CPU
	EndGlobalSection
	GlobalSection(ProjectConfigurationPlatforms) = postSolution
		{C6614D53-82DB-4E7A-BA9D-99FBC7631891}.Debug|Any CPU.ActiveCfg = Debug|Any CPU
		{C6614D53-82DB-4E7A-BA9D-99FBC7631891}.Debug|Any CPU.Build.0 = Debug|Any CPU
		{C6614D53-82DB-4E7A-BA9D-99FBC7631891}.Release|Any CPU.ActiveCfg = Release|Any CPU
		{C6614D53-82DB-4E7A-BA9D-99FBC7631891}.Release|Any CPU.Build.0 = Release|Any CPU
	EndGlobalSection
	GlobalSection(SolutionProperties) = preSolution
		HideSolutionNode = FALSE
	EndGlobalSection
	GlobalSection(ExtensibilityGlobals) = postSolution
		SolutionGuid = {F8328BED-7E78-4345-B4BD-D2B7F3F890D9}
	EndGlobalSection
EndGlobal
