
Microsoft Visual Studio Solution File, Format Version 12.00
# Visual Studio 15
VisualStudioVersion = 15.0.27130.2010
MinimumVisualStudioVersion = 10.0.40219.1
Project("{FAE04EC0-301F-11D3-BF4B-00C04F79EFBC}") = "Cirlce", "Cirlce\Cirlce.csproj", "{AD62A5A6-2A59-46D8-8D61-C6026B09BB4F}"
EndProject
Global
	GlobalSection(SolutionConfigurationPlatforms) = preSolution
		Debug|Any CPU = Debug|Any CPU
		Release|Any CPU = Release|Any CPU
	EndGlobalSection
	GlobalSection(ProjectConfigurationPlatforms) = postSolution
		{AD62A5A6-2A59-46D8-8D61-C6026B09BB4F}.Debug|Any CPU.ActiveCfg = Debug|Any CPU
		{AD62A5A6-2A59-46D8-8D61-C6026B09BB4F}.Debug|Any CPU.Build.0 = Debug|Any CPU
		{AD62A5A6-2A59-46D8-8D61-C6026B09BB4F}.Release|Any CPU.ActiveCfg = Release|Any CPU
		{AD62A5A6-2A59-46D8-8D61-C6026B09BB4F}.Release|Any CPU.Build.0 = Release|Any CPU
	EndGlobalSection
	GlobalSection(SolutionProperties) = preSolution
		HideSolutionNode = FALSE
	EndGlobalSection
	GlobalSection(ExtensibilityGlobals) = postSolution
		SolutionGuid = {0B343415-D9FC-4139-9C5B-E1B652A8BF44}
	EndGlobalSection
EndGlobal
