
Microsoft Visual Studio Solution File, Format Version 12.00
# Visual Studio 15
VisualStudioVersion = 15.0.27130.2010
MinimumVisualStudioVersion = 10.0.40219.1
Project("{FAE04EC0-301F-11D3-BF4B-00C04F79EFBC}") = "Lab4(Serialize)", "Lab4(Serialize)\Lab4(Serialize).csproj", "{7CC62AC6-CE3A-484A-9A3D-575CEB69AA8E}"
EndProject
Global
	GlobalSection(SolutionConfigurationPlatforms) = preSolution
		Debug|Any CPU = Debug|Any CPU
		Release|Any CPU = Release|Any CPU
	EndGlobalSection
	GlobalSection(ProjectConfigurationPlatforms) = postSolution
		{7CC62AC6-CE3A-484A-9A3D-575CEB69AA8E}.Debug|Any CPU.ActiveCfg = Debug|Any CPU
		{7CC62AC6-CE3A-484A-9A3D-575CEB69AA8E}.Debug|Any CPU.Build.0 = Debug|Any CPU
		{7CC62AC6-CE3A-484A-9A3D-575CEB69AA8E}.Release|Any CPU.ActiveCfg = Release|Any CPU
		{7CC62AC6-CE3A-484A-9A3D-575CEB69AA8E}.Release|Any CPU.Build.0 = Release|Any CPU
	EndGlobalSection
	GlobalSection(SolutionProperties) = preSolution
		HideSolutionNode = FALSE
	EndGlobalSection
	GlobalSection(ExtensibilityGlobals) = postSolution
		SolutionGuid = {2346045D-9EBF-4C7A-B81F-1A11E2B4CCF1}
	EndGlobalSection
EndGlobal
