
Microsoft Visual Studio Solution File, Format Version 12.00
# Visual Studio 15
VisualStudioVersion = 15.0.27130.2010
MinimumVisualStudioVersion = 10.0.40219.1
Project("{FAE04EC0-301F-11D3-BF4B-00C04F79EFBC}") = "FarManager(AkshabayevAskar edition)", "FarManager(AkshabayevAskar edition)\FarManager(AkshabayevAskar edition).csproj", "{D588247A-59AF-47D7-918D-B77911C3A666}"
EndProject
Global
	GlobalSection(SolutionConfigurationPlatforms) = preSolution
		Debug|Any CPU = Debug|Any CPU
		Release|Any CPU = Release|Any CPU
	EndGlobalSection
	GlobalSection(ProjectConfigurationPlatforms) = postSolution
		{D588247A-59AF-47D7-918D-B77911C3A666}.Debug|Any CPU.ActiveCfg = Debug|Any CPU
		{D588247A-59AF-47D7-918D-B77911C3A666}.Debug|Any CPU.Build.0 = Debug|Any CPU
		{D588247A-59AF-47D7-918D-B77911C3A666}.Release|Any CPU.ActiveCfg = Release|Any CPU
		{D588247A-59AF-47D7-918D-B77911C3A666}.Release|Any CPU.Build.0 = Release|Any CPU
	EndGlobalSection
	GlobalSection(SolutionProperties) = preSolution
		HideSolutionNode = FALSE
	EndGlobalSection
	GlobalSection(ExtensibilityGlobals) = postSolution
		SolutionGuid = {2F2A8591-A682-42F8-8821-AF74A140AC96}
	EndGlobalSection
EndGlobal
