
Microsoft Visual Studio Solution File, Format Version 12.00
# Visual Studio 15
VisualStudioVersion = 15.0.27130.2010
MinimumVisualStudioVersion = 10.0.40219.1
Project("{FAE04EC0-301F-11D3-BF4B-00C04F79EFBC}") = "Asteroids", "Asteroids\Asteroids.csproj", "{FD6D5926-C835-4C77-AD1D-7274D40FA874}"
EndProject
Global
	GlobalSection(SolutionConfigurationPlatforms) = preSolution
		Debug|Any CPU = Debug|Any CPU
		Release|Any CPU = Release|Any CPU
	EndGlobalSection
	GlobalSection(ProjectConfigurationPlatforms) = postSolution
		{FD6D5926-C835-4C77-AD1D-7274D40FA874}.Debug|Any CPU.ActiveCfg = Debug|Any CPU
		{FD6D5926-C835-4C77-AD1D-7274D40FA874}.Debug|Any CPU.Build.0 = Debug|Any CPU
		{FD6D5926-C835-4C77-AD1D-7274D40FA874}.Release|Any CPU.ActiveCfg = Release|Any CPU
		{FD6D5926-C835-4C77-AD1D-7274D40FA874}.Release|Any CPU.Build.0 = Release|Any CPU
	EndGlobalSection
	GlobalSection(SolutionProperties) = preSolution
		HideSolutionNode = FALSE
	EndGlobalSection
	GlobalSection(ExtensibilityGlobals) = postSolution
		SolutionGuid = {2B0869CF-A61C-4492-B5D3-8D8F4FB78E3C}
	EndGlobalSection
EndGlobal
