
Microsoft Visual Studio Solution File, Format Version 12.00
# Visual Studio 15
VisualStudioVersion = 15.0.27130.2010
MinimumVisualStudioVersion = 10.0.40219.1
Project("{FAE04EC0-301F-11D3-BF4B-00C04F79EFBC}") = "Bonus", "Bonus\Bonus.csproj", "{EE6E66CB-72A3-4118-BAED-BAC07F70BF7F}"
EndProject
Global
	GlobalSection(SolutionConfigurationPlatforms) = preSolution
		Debug|Any CPU = Debug|Any CPU
		Release|Any CPU = Release|Any CPU
	EndGlobalSection
	GlobalSection(ProjectConfigurationPlatforms) = postSolution
		{EE6E66CB-72A3-4118-BAED-BAC07F70BF7F}.Debug|Any CPU.ActiveCfg = Debug|Any CPU
		{EE6E66CB-72A3-4118-BAED-BAC07F70BF7F}.Debug|Any CPU.Build.0 = Debug|Any CPU
		{EE6E66CB-72A3-4118-BAED-BAC07F70BF7F}.Release|Any CPU.ActiveCfg = Release|Any CPU
		{EE6E66CB-72A3-4118-BAED-BAC07F70BF7F}.Release|Any CPU.Build.0 = Release|Any CPU
	EndGlobalSection
	GlobalSection(SolutionProperties) = preSolution
		HideSolutionNode = FALSE
	EndGlobalSection
	GlobalSection(ExtensibilityGlobals) = postSolution
		SolutionGuid = {A70F3F0B-4BA3-4A9B-9883-C6D800392CFD}
	EndGlobalSection
EndGlobal
