
Microsoft Visual Studio Solution File, Format Version 12.00
# Visual Studio 15
VisualStudioVersion = 15.0.27130.2010
MinimumVisualStudioVersion = 10.0.40219.1
Project("{FAE04EC0-301F-11D3-BF4B-00C04F79EFBC}") = "ReadFromFileMaxMin", "ReadFromFileMaxMin\ReadFromFileMaxMin.csproj", "{28988E60-6BC3-4174-96D9-5106AFF85FEA}"
EndProject
Global
	GlobalSection(SolutionConfigurationPlatforms) = preSolution
		Debug|Any CPU = Debug|Any CPU
		Release|Any CPU = Release|Any CPU
	EndGlobalSection
	GlobalSection(ProjectConfigurationPlatforms) = postSolution
		{28988E60-6BC3-4174-96D9-5106AFF85FEA}.Debug|Any CPU.ActiveCfg = Debug|Any CPU
		{28988E60-6BC3-4174-96D9-5106AFF85FEA}.Debug|Any CPU.Build.0 = Debug|Any CPU
		{28988E60-6BC3-4174-96D9-5106AFF85FEA}.Release|Any CPU.ActiveCfg = Release|Any CPU
		{28988E60-6BC3-4174-96D9-5106AFF85FEA}.Release|Any CPU.Build.0 = Release|Any CPU
	EndGlobalSection
	GlobalSection(SolutionProperties) = preSolution
		HideSolutionNode = FALSE
	EndGlobalSection
	GlobalSection(ExtensibilityGlobals) = postSolution
		SolutionGuid = {C06F875A-8024-4E68-B78B-1C743342A826}
	EndGlobalSection
EndGlobal
