
Microsoft Visual Studio Solution File, Format Version 12.00
# Visual Studio 15
VisualStudioVersion = 15.0.27130.2010
MinimumVisualStudioVersion = 10.0.40219.1
Project("{FAE04EC0-301F-11D3-BF4B-00C04F79EFBC}") = "Clock(ver.2.0)", "Clock(ver.2.0)\Clock(ver.2.0).csproj", "{72FAE147-83EA-473C-A457-E0A67050B653}"
EndProject
Global
	GlobalSection(SolutionConfigurationPlatforms) = preSolution
		Debug|Any CPU = Debug|Any CPU
		Release|Any CPU = Release|Any CPU
	EndGlobalSection
	GlobalSection(ProjectConfigurationPlatforms) = postSolution
		{72FAE147-83EA-473C-A457-E0A67050B653}.Debug|Any CPU.ActiveCfg = Debug|Any CPU
		{72FAE147-83EA-473C-A457-E0A67050B653}.Debug|Any CPU.Build.0 = Debug|Any CPU
		{72FAE147-83EA-473C-A457-E0A67050B653}.Release|Any CPU.ActiveCfg = Release|Any CPU
		{72FAE147-83EA-473C-A457-E0A67050B653}.Release|Any CPU.Build.0 = Release|Any CPU
	EndGlobalSection
	GlobalSection(SolutionProperties) = preSolution
		HideSolutionNode = FALSE
	EndGlobalSection
	GlobalSection(ExtensibilityGlobals) = postSolution
		SolutionGuid = {AB2FF673-5532-43A4-8C40-7A3C009E7CF5}
	EndGlobalSection
EndGlobal
