
Microsoft Visual Studio Solution File, Format Version 12.00
# Visual Studio 15
VisualStudioVersion = 15.0.27130.2010
MinimumVisualStudioVersion = 10.0.40219.1
Project("{FAE04EC0-301F-11D3-BF4B-00C04F79EFBC}") = "ButtonExample", "ButtonExample\ButtonExample.csproj", "{B21C61A8-D71E-4F73-A9FF-E2003DE3B0B0}"
EndProject
Global
	GlobalSection(SolutionConfigurationPlatforms) = preSolution
		Debug|Any CPU = Debug|Any CPU
		Release|Any CPU = Release|Any CPU
	EndGlobalSection
	GlobalSection(ProjectConfigurationPlatforms) = postSolution
		{B21C61A8-D71E-4F73-A9FF-E2003DE3B0B0}.Debug|Any CPU.ActiveCfg = Debug|Any CPU
		{B21C61A8-D71E-4F73-A9FF-E2003DE3B0B0}.Debug|Any CPU.Build.0 = Debug|Any CPU
		{B21C61A8-D71E-4F73-A9FF-E2003DE3B0B0}.Release|Any CPU.ActiveCfg = Release|Any CPU
		{B21C61A8-D71E-4F73-A9FF-E2003DE3B0B0}.Release|Any CPU.Build.0 = Release|Any CPU
	EndGlobalSection
	GlobalSection(SolutionProperties) = preSolution
		HideSolutionNode = FALSE
	EndGlobalSection
	GlobalSection(ExtensibilityGlobals) = postSolution
		SolutionGuid = {BBA5B93D-CD14-4F35-9C7B-75CCCAF27A22}
	EndGlobalSection
EndGlobal
